{
  "name": "api",
  "version": "0.0.1",
  "lockfileVersion": 3,
  "requires": true,
  "packages": {
    "": {
      "name": "api",
      "version": "0.0.1",
      "license": "UNLICENSED",
      "dependencies": {
        "@nestjs/common": "^11.0.11",
        "@nestjs/config": "^3.2.3",
        "@nestjs/core": "^11.0.11",
        "@nestjs/platform-express": "^11.0.11",
        "@prisma/client": "^7.10.0",
        "class-transformer": "^0.5.1",
        "class-validator": "^0.14.4",
        "joi": "^18.2.6",
        "reflect-metadata": "^0.2.2",
        "rxjs": "^7.8.2"
      },
      "devDependencies": {
        "@babel/core": "^7.26.9",
        "@babel/plugin-proposal-decorators": "^7.25.9",
        "@babel/preset-env": "^7.26.9",
        "@babel/register": "^7.25.9",
        "@nestjs/testing": "^11.0.11",
        "babel-jest": "^29.7.0",
        "jest": "^29.7.0",
        "nodemon": "^3.1.9",
        "prettier": "^3.5.3",
        "supertest": "^7.0.0"
      }
    },
    "../../node_modules/.pnpm/@babel+core@7.29.7_supports-color@5.5.0/node_modules/@babel/core": {
      "version": "7.29.7",
      "dev": true,
      "license": "MIT",
      "dependencies": {
        "@babel/code-frame": "^7.29.7",
        "@babel/generator": "^7.29.7",
        "@babel/helper-compilation-targets": "^7.29.7",
        "@babel/helper-module-transforms": "^7.29.7",
        "@babel/helpers": "^7.29.7",
        "@babel/parser": "^7.29.7",
        "@babel/template": "^7.29.7",
        "@babel/traverse": "^7.29.7",
        "@babel/types": "^7.29.7",
        "@jridgewell/remapping": "^2.3.5",
        "convert-source-map": "^2.0.0",
        "debug": "^4.1.0",
        "gensync": "^1.0.0-beta.2",
        "json5": "^2.2.3",
        "semver": "^6.3.1"
      },
      "devDependencies": {
        "@babel/helper-transform-fixture-test-runner": "^7.29.7",
        "@babel/plugin-syntax-flow": "^7.29.7",
        "@babel/plugin-transform-flow-strip-types": "^7.29.7",
        "@babel/plugin-transform-modules-commonjs": "^7.29.7",
        "@babel/preset-env": "^7.29.7",
        "@babel/preset-typescript": "^7.29.7",
        "@jridgewell/trace-mapping": "^0.3.28",
        "@types/convert-source-map": "^2.0.0",
        "@types/debug": "^4.1.0",
        "@types/resolve": "^1.3.2",
        "@types/semver": "^5.4.0",
        "rimraf": "^3.0.0",
        "ts-node": "^11.0.0-beta.1",
        "tsx": "^4.20.3"
      },
      "engines": {
        "node": ">=6.9.0"
      },
      "funding": {
        "type": "opencollective",
        "url": "https://opencollective.com/babel"
      }
    },
    "../../node_modules/.pnpm/@babel+plugin-proposal-deco_34e810a64abda1b7279a458c5e41d962/node_modules/@babel/plugin-proposal-decorators": {
      "version": "7.29.7",
      "dev": true,
      "license": "MIT",
      "dependencies": {
        "@babel/helper-create-class-features-plugin": "^7.29.7",
        "@babel/helper-plugin-utils": "^7.29.7",
        "@babel/plugin-syntax-decorators": "^7.29.7"
      },
      "devDependencies": {
        "@babel/core": "^7.29.7",
        "@babel/helper-plugin-test-runner": "^7.29.7",
        "@babel/traverse": "^7.29.7",
        "array.prototype.concat": "^1.0.2",
        "babel-plugin-polyfill-es-shims": "^0.10.9",
        "object.getownpropertydescriptors": "^2.1.1"
      },
      "engines": {
        "node": ">=6.9.0"
      },
      "peerDependencies": {
        "@babel/core": "^7.0.0-0"
      }
    },
    "../../node_modules/.pnpm/@babel+preset-env@7.29.7_@b_3062ad832ed71f065538c68ada630c3e/node_modules/@babel/preset-env": {
      "version": "7.29.7",
      "dev": true,
      "license": "MIT",
      "dependencies": {
        "@babel/compat-data": "^7.29.7",
        "@babel/helper-compilation-targets": "^7.29.7",
        "@babel/helper-plugin-utils": "^7.29.7",
        "@babel/helper-validator-option": "^7.29.7",
        "@babel/plugin-bugfix-firefox-class-in-computed-class-key": "^7.29.7",
        "@babel/plugin-bugfix-safari-class-field-initializer-scope": "^7.29.7",
        "@babel/plugin-bugfix-safari-id-destructuring-collision-in-function-expression": "^7.29.7",
        "@babel/plugin-bugfix-safari-rest-destructuring-rhs-array": "^7.29.7",
        "@babel/plugin-bugfix-v8-spread-parameters-in-optional-chaining": "^7.29.7",
        "@babel/plugin-bugfix-v8-static-class-fields-redefine-readonly": "^7.29.7",
        "@babel/plugin-proposal-private-property-in-object": "7.21.0-placeholder-for-preset-env.2",
        "@babel/plugin-syntax-import-assertions": "^7.29.7",
        "@babel/plugin-syntax-import-attributes": "^7.29.7",
        "@babel/plugin-syntax-unicode-sets-regex": "^7.18.6",
        "@babel/plugin-transform-arrow-functions": "^7.29.7",
        "@babel/plugin-transform-async-generator-functions": "^7.29.7",
        "@babel/plugin-transform-async-to-generator": "^7.29.7",
        "@babel/plugin-transform-block-scoped-functions": "^7.29.7",
        "@babel/plugin-transform-block-scoping": "^7.29.7",
        "@babel/plugin-transform-class-properties": "^7.29.7",
        "@babel/plugin-transform-class-static-block": "^7.29.7",
        "@babel/plugin-transform-classes": "^7.29.7",
        "@babel/plugin-transform-computed-properties": "^7.29.7",
        "@babel/plugin-transform-destructuring": "^7.29.7",
        "@babel/plugin-transform-dotall-regex": "^7.29.7",
        "@babel/plugin-transform-duplicate-keys": "^7.29.7",
        "@babel/plugin-transform-duplicate-named-capturing-groups-regex": "^7.29.7",
        "@babel/plugin-transform-dynamic-import": "^7.29.7",
        "@babel/plugin-transform-explicit-resource-management": "^7.29.7",
        "@babel/plugin-transform-exponentiation-operator": "^7.29.7",
        "@babel/plugin-transform-export-namespace-from": "^7.29.7",
        "@babel/plugin-transform-for-of": "^7.29.7",
        "@babel/plugin-transform-function-name": "^7.29.7",
        "@babel/plugin-transform-json-strings": "^7.29.7",
        "@babel/plugin-transform-literals": "^7.29.7",
        "@babel/plugin-transform-logical-assignment-operators": "^7.29.7",
        "@babel/plugin-transform-member-expression-literals": "^7.29.7",
        "@babel/plugin-transform-modules-amd": "^7.29.7",
        "@babel/plugin-transform-modules-commonjs": "^7.29.7",
        "@babel/plugin-transform-modules-systemjs": "^7.29.7",
        "@babel/plugin-transform-modules-umd": "^7.29.7",
        "@babel/plugin-transform-named-capturing-groups-regex": "^7.29.7",
        "@babel/plugin-transform-new-target": "^7.29.7",
        "@babel/plugin-transform-nullish-coalescing-operator": "^7.29.7",
        "@babel/plugin-transform-numeric-separator": "^7.29.7",
        "@babel/plugin-transform-object-rest-spread": "^7.29.7",
        "@babel/plugin-transform-object-super": "^7.29.7",
        "@babel/plugin-transform-optional-catch-binding": "^7.29.7",
        "@babel/plugin-transform-optional-chaining": "^7.29.7",
        "@babel/plugin-transform-parameters": "^7.29.7",
        "@babel/plugin-transform-private-methods": "^7.29.7",
        "@babel/plugin-transform-private-property-in-object": "^7.29.7",
        "@babel/plugin-transform-property-literals": "^7.29.7",
        "@babel/plugin-transform-regenerator": "^7.29.7",
        "@babel/plugin-transform-regexp-modifiers": "^7.29.7",
        "@babel/plugin-transform-reserved-words": "^7.29.7",
        "@babel/plugin-transform-shorthand-properties": "^7.29.7",
        "@babel/plugin-transform-spread": "^7.29.7",
        "@babel/plugin-transform-sticky-regex": "^7.29.7",
        "@babel/plugin-transform-template-literals": "^7.29.7",
        "@babel/plugin-transform-typeof-symbol": "^7.29.7",
        "@babel/plugin-transform-unicode-escapes": "^7.29.7",
        "@babel/plugin-transform-unicode-property-regex": "^7.29.7",
        "@babel/plugin-transform-unicode-regex": "^7.29.7",
        "@babel/plugin-transform-unicode-sets-regex": "^7.29.7",
        "@babel/preset-modules": "0.1.6-no-external-plugins",
        "babel-plugin-polyfill-corejs2": "^0.4.15",
        "babel-plugin-polyfill-corejs3": "^0.14.0",
        "babel-plugin-polyfill-regenerator": "^0.6.6",
        "core-js-compat": "^3.48.0",
        "semver": "^6.3.1"
      },
      "devDependencies": {
        "@babel/core": "^7.29.7",
        "@babel/core-7.12": "npm:@babel/core@7.12.9",
        "@babel/helper-plugin-test-runner": "^7.29.7",
        "@babel/traverse": "^7.29.7"
      },
      "engines": {
        "node": ">=6.9.0"
      },
      "peerDependencies": {
        "@babel/core": "^7.0.0-0"
      }
    },
    "../../node_modules/.pnpm/@babel+register@7.29.7_@bab_1175c7021bb2eaeefbeea94de047c6d1/node_modules/@babel/register": {
      "version": "7.29.7",
      "dev": true,
      "license": "MIT",
      "dependencies": {
        "clone-deep": "^4.0.1",
        "find-cache-dir": "^2.0.0",
        "make-dir": "^2.1.0",
        "pirates": "^4.0.6",
        "source-map-support": "^0.5.16"
      },
      "devDependencies": {
        "@babel/core": "^7.29.7",
        "@babel/plugin-transform-arrow-functions": "^7.29.7",
        "@babel/plugin-transform-modules-commonjs": "^7.29.7",
        "browserify": "^16.5.2"
      },
      "engines": {
        "node": ">=6.9.0"
      },
      "peerDependencies": {
        "@babel/core": "^7.0.0-0"
      }
    },
    "../../node_modules/.pnpm/@nestjs+common@11.2.3_refle_965d54cfe7d9853bc6fc483692ba6e0d/node_modules/@nestjs/common": {
      "version": "11.2.3",
      "license": "MIT",
      "dependencies": {
        "file-type": "21.3.4",
        "iterare": "1.2.1",
        "load-esm": "1.0.3",
        "tslib": "2.8.1",
        "uid": "2.0.2"
      },
      "funding": {
        "type": "opencollective",
        "url": "https://opencollective.com/nest"
      },
      "peerDependencies": {
        "class-transformer": ">=0.4.1",
        "class-validator": ">=0.13.2",
        "reflect-metadata": "^0.1.12 || ^0.2.0",
        "rxjs": "^7.1.0"
      },
      "peerDependenciesMeta": {
        "class-transformer": {
          "optional": true
        },
        "class-validator": {
          "optional": true
        }
      }
    },
    "../../node_modules/.pnpm/@nestjs+core@11.2.3_@nestjs_f4795e704f8f48810130521109c79b72/node_modules/@nestjs/core": {
      "version": "11.2.3",
      "license": "MIT",
      "dependencies": {
        "fast-safe-stringify": "2.1.1",
        "iterare": "1.2.1",
        "path-to-regexp": "8.4.2",
        "tslib": "2.8.1",
        "uid": "2.0.2"
      },
      "devDependencies": {
        "@nestjs/common": "11.2.3"
      },
      "engines": {
        "node": ">= 20"
      },
      "funding": {
        "type": "opencollective",
        "url": "https://opencollective.com/nest"
      },
      "peerDependencies": {
        "@nestjs/common": "^11.0.0",
        "@nestjs/microservices": "^11.0.0",
        "@nestjs/platform-express": "^11.0.0",
        "@nestjs/websockets": "^11.0.0",
        "reflect-metadata": "^0.1.12 || ^0.2.0",
        "rxjs": "^7.1.0"
      },
      "peerDependenciesMeta": {
        "@nestjs/microservices": {
          "optional": true
        },
        "@nestjs/platform-express": {
          "optional": true
        },
        "@nestjs/websockets": {
          "optional": true
        }
      }
    },
    "../../node_modules/.pnpm/@nestjs+platform-express@11_e6d886b1df630a84cff2dbb44965d26c/node_modules/@nestjs/platform-express": {
      "version": "11.2.3",
      "license": "MIT",
      "dependencies": {
        "cors": "2.8.6",
        "express": "5.2.1",
        "multer": "2.2.0",
        "path-to-regexp": "8.4.2",
        "tslib": "2.8.1"
      },
      "devDependencies": {
        "@nestjs/common": "11.2.3",
        "@nestjs/core": "11.2.3"
      },
      "funding": {
        "type": "opencollective",
        "url": "https://opencollective.com/nest"
      },
      "peerDependencies": {
        "@nestjs/common": "^11.0.0",
        "@nestjs/core": "^11.0.0"
      }
    },
    "../../node_modules/.pnpm/@nestjs+testing@11.2.3_@nes_55be6757218899a53d996488a283429b/node_modules/@nestjs/testing": {
      "version": "11.2.3",
      "dev": true,
      "license": "MIT",
      "dependencies": {
        "tslib": "2.8.1"
      },
      "funding": {
        "type": "opencollective",
        "url": "https://opencollective.com/nest"
      },
      "peerDependencies": {
        "@nestjs/common": "^11.0.0",
        "@nestjs/core": "^11.0.0",
        "@nestjs/microservices": "^11.0.0",
        "@nestjs/platform-express": "^11.0.0"
      },
      "peerDependenciesMeta": {
        "@nestjs/microservices": {
          "optional": true
        },
        "@nestjs/platform-express": {
          "optional": true
        }
      }
    },
    "../../node_modules/.pnpm/babel-jest@29.7.0_@babel+co_6fb527eedf6bb29fbedf415ed09bab0b/node_modules/babel-jest": {
      "version": "29.7.0",
      "dev": true,
      "license": "MIT",
      "dependencies": {
        "@jest/transform": "^29.7.0",
        "@types/babel__core": "^7.1.14",
        "babel-plugin-istanbul": "^6.1.1",
        "babel-preset-jest": "^29.6.3",
        "chalk": "^4.0.0",
        "graceful-fs": "^4.2.9",
        "slash": "^3.0.0"
      },
      "devDependencies": {
        "@babel/core": "^7.11.6",
        "@jest/test-utils": "^29.7.0",
        "@types/graceful-fs": "^4.1.3"
      },
      "engines": {
        "node": "^14.15.0 || ^16.10.0 || >=18.0.0"
      },
      "peerDependencies": {
        "@babel/core": "^7.8.0"
      }
    },
    "../../node_modules/.pnpm/jest@29.7.0_@types+node@26.4.0_supports-color@5.5.0/node_modules/jest": {
      "version": "29.7.0",
      "dev": true,
      "license": "MIT",
      "dependencies": {
        "@jest/core": "^29.7.0",
        "@jest/types": "^29.6.3",
        "import-local": "^3.0.2",
        "jest-cli": "^29.7.0"
      },
      "bin": {
        "jest": "bin/jest.js"
      },
      "devDependencies": {
        "@tsd/typescript": "^5.0.4",
        "tsd-lite": "^0.7.0"
      },
      "engines": {
        "node": "^14.15.0 || ^16.10.0 || >=18.0.0"
      },
      "peerDependencies": {
        "node-notifier": "^8.0.1 || ^9.0.0 || ^10.0.0"
      },
      "peerDependenciesMeta": {
        "node-notifier": {
          "optional": true
        }
      }
    },
    "../../node_modules/.pnpm/nodemon@3.1.14/node_modules/nodemon": {
      "version": "3.1.14",
      "dev": true,
      "license": "MIT",
      "dependencies": {
        "chokidar": "^3.5.2",
        "debug": "^4",
        "ignore-by-default": "^1.0.1",
        "minimatch": "^10.2.1",
        "pstree.remy": "^1.1.8",
        "semver": "^7.5.3",
        "simple-update-notifier": "^2.0.0",
        "supports-color": "^5.5.0",
        "touch": "^3.1.0",
        "undefsafe": "^2.0.5"
      },
      "bin": {
        "nodemon": "bin/nodemon.js"
      },
      "devDependencies": {
        "@commitlint/cli": "^11.0.0",
        "@commitlint/config-conventional": "^11.0.0",
        "async": "1.4.2",
        "coffee-script": "~1.7.1",
        "eslint": "^7.32.0",
        "husky": "^7.0.4",
        "mocha": "^2.5.3",
        "nyc": "^15.1.0",
        "proxyquire": "^1.8.0",
        "semantic-release": "^25.0.0",
        "should": "~4.0.0"
      },
      "engines": {
        "node": ">=10"
      },
      "funding": {
        "type": "opencollective",
        "url": "https://opencollective.com/nodemon"
      }
    },
    "../../node_modules/.pnpm/prettier@3.9.6/node_modules/prettier": {
      "version": "3.9.6",
      "dev": true,
      "license": "MIT",
      "bin": {
        "prettier": "bin/prettier.cjs"
      },
      "engines": {
        "node": ">=14"
      },
      "funding": {
        "url": "https://github.com/prettier/prettier?sponsor=1"
      }
    },
    "../../node_modules/.pnpm/reflect-metadata@0.2.2/node_modules/reflect-metadata": {
      "version": "0.2.2",
      "license": "Apache-2.0",
      "devDependencies": {
        "@types/chai": "^3.4.34",
        "@types/mocha": "^2.2.34",
        "@types/node": "^10.17.60",
        "chai": "^3.5.0",
        "del": "^2.2.2",
        "ecmarkup": "^3.9.3",
        "gulp": "^3.9.1",
        "gulp-emu": "^1.1.0",
        "gulp-live-server": "0.0.30",
        "gulp-mocha": "^3.0.1",
        "gulp-rename": "^1.2.2",
        "gulp-sequence": "^0.4.6",
        "gulp-tsb": "^2.0.3",
        "mocha": "^3.2.0",
        "typescript": "^2.1.4"
      }
    },
    "../../node_modules/.pnpm/rxjs@7.8.2/node_modules/rxjs": {
      "version": "7.8.2",
      "license": "Apache-2.0",
      "dependencies": {
        "tslib": "^2.1.0"
      },
      "devDependencies": {
        "@angular-devkit/build-optimizer": "0.4.6",
        "@angular-devkit/schematics": "^11.0.7",
        "@swc/core": "^1.2.128",
        "@swc/helpers": "^0.3.2",
        "@types/chai": "^4.2.11",
        "@types/lodash": "4.14.102",
        "@types/mocha": "^7.0.2",
        "@types/node": "^14.14.6",
        "@types/shelljs": "^0.8.8",
        "@types/sinon": "4.1.3",
        "@types/sinon-chai": "2.7.29",
        "@types/source-map": "^0.5.2",
        "@typescript-eslint/eslint-plugin": "^4.29.1",
        "@typescript-eslint/parser": "^4.29.1",
        "babel-polyfill": "6.26.0",
        "chai": "^4.2.0",
        "check-side-effects": "0.0.23",
        "color": "3.0.0",
        "colors": "1.1.2",
        "cross-env": "5.1.3",
        "cz-conventional-changelog": "1.2.0",
        "dependency-cruiser": "^9.12.0",
        "escape-string-regexp": "1.0.5",
        "eslint": "^7.8.1",
        "eslint-plugin-jasmine": "^2.10.1",
        "form-data": "^3.0.0",
        "fs-extra": "^8.1.0",
        "glob": "7.1.2",
        "google-closure-compiler-js": "20170218.0.0",
        "husky": "^4.2.5",
        "klaw-sync": "3.0.2",
        "lint-staged": "^10.2.11",
        "lodash": "^4.17.15",
        "minimist": "^1.2.5",
        "mocha": "^8.1.3",
        "nodemon": "^1.9.2",
        "npm-run-all": "4.1.2",
        "opn-cli": "3.1.0",
        "platform": "1.3.5",
        "prettier": "^2.5.1",
        "promise": "8.0.1",
        "rollup": "0.66.6",
        "rollup-plugin-alias": "1.4.0",
        "rollup-plugin-inject": "2.0.0",
        "rollup-plugin-node-resolve": "2.0.0",
        "shelljs": "^0.8.4",
        "shx": "^0.3.2",
        "sinon": "4.3.0",
        "sinon-chai": "2.14.0",
        "source-map-support": "0.5.3",
        "systemjs": "^0.21.0",
        "ts-node": "^9.1.1",
        "tslint": "^5.20.1",
        "tslint-config-prettier": "^1.18.0",
        "tslint-etc": "1.13.10",
        "tslint-no-toplevel-property-access": "0.0.2",
        "tslint-no-unused-expression-chai": "0.0.3",
        "typescript": "~4.2.0",
        "validate-commit-msg": "2.14.0",
        "web-streams-polyfill": "^3.0.2",
        "webpack": "^4.31.0"
      }
    },
    "../../node_modules/.pnpm/supertest@7.2.2_supports-color@5.5.0/node_modules/supertest": {
      "version": "7.2.2",
      "dev": true,
      "license": "MIT",
      "dependencies": {
        "cookie-signature": "^1.2.2",
        "methods": "^1.1.2",
        "superagent": "^10.3.0"
      },
      "devDependencies": {
        "@commitlint/cli": "17",
        "@commitlint/config-conventional": "17",
        "body-parser": "^1.20.3",
        "cookie-parser": "^1.4.7",
        "eslint": "^8.32.0",
        "eslint-config-airbnb-base": "^15.0.0",
        "eslint-plugin-import": "^2.27.5",
        "express": "^4.18.3",
        "mocha": "^10.2.0",
        "nock": "^13.3.8",
        "nyc": "^15.1.0",
        "proxyquire": "^2.1.3",
        "should": "^13.2.3",
        "sinon": "20.0.0"
      },
      "engines": {
        "node": ">=14.18.0"
      }
    },
    "node_modules/@babel/core": {
      "resolved": "../../node_modules/.pnpm/@babel+core@7.29.7_supports-color@5.5.0/node_modules/@babel/core",
      "link": true
    },
    "node_modules/@babel/plugin-proposal-decorators": {
      "resolved": "../../node_modules/.pnpm/@babel+plugin-proposal-deco_34e810a64abda1b7279a458c5e41d962/node_modules/@babel/plugin-proposal-decorators",
      "link": true
    },
    "node_modules/@babel/preset-env": {
      "resolved": "../../node_modules/.pnpm/@babel+preset-env@7.29.7_@b_3062ad832ed71f065538c68ada630c3e/node_modules/@babel/preset-env",
      "link": true
    },
    "node_modules/@babel/register": {
      "resolved": "../../node_modules/.pnpm/@babel+register@7.29.7_@bab_1175c7021bb2eaeefbeea94de047c6d1/node_modules/@babel/register",
      "link": true
    },
    "node_modules/@hapi/address": {
      "version": "5.1.1",
      "license": "BSD-3-Clause",
      "dependencies": {
        "@hapi/hoek": "^11.0.2"
      },
      "engines": {
        "node": ">=14.0.0"
      }
    },
    "node_modules/@hapi/formula": {
      "version": "3.0.2",
      "license": "BSD-3-Clause"
    },
    "node_modules/@hapi/hoek": {
      "version": "11.0.7",
      "license": "BSD-3-Clause"
    },
    "node_modules/@hapi/pinpoint": {
      "version": "2.0.1",
      "license": "BSD-3-Clause"
    },
    "node_modules/@hapi/tlds": {
      "version": "1.1.7",
      "license": "BSD-3-Clause",
      "engines": {
        "node": ">=14.0.0"
      }
    },
    "node_modules/@hapi/topo": {
      "version": "6.0.2",
      "license": "BSD-3-Clause",
      "dependencies": {
        "@hapi/hoek": "^11.0.2"
      }
    },
    "node_modules/@nestjs/common": {
      "resolved": "../../node_modules/.pnpm/@nestjs+common@11.2.3_refle_965d54cfe7d9853bc6fc483692ba6e0d/node_modules/@nestjs/common",
      "link": true
    },
    "node_modules/@nestjs/config": {
      "version": "3.2.3",
      "resolved": "https://registry.npmjs.org/@nestjs/config/-/config-3.2.3.tgz",
      "integrity": "sha512-p6yv/CvoBewJ72mBq4NXgOAi2rSQNWx3a+IMJLVKS2uiwFCOQQuiIatGwq6MRjXV3Jr+B41iUO8FIf4xBrZ4/w==",
      "license": "MIT",
      "dependencies": {
        "dotenv": "16.4.5",
        "dotenv-expand": "10.0.0",
        "lodash": "4.17.21"
      },
      "peerDependencies": {
        "@nestjs/common": "^8.0.0 || ^9.0.0 || ^10.0.0",
        "rxjs": "^7.1.0"
      }
    },
    "node_modules/@nestjs/core": {
      "resolved": "../../node_modules/.pnpm/@nestjs+core@11.2.3_@nestjs_f4795e704f8f48810130521109c79b72/node_modules/@nestjs/core",
      "link": true
    },
    "node_modules/@nestjs/platform-express": {
      "resolved": "../../node_modules/.pnpm/@nestjs+platform-express@11_e6d886b1df630a84cff2dbb44965d26c/node_modules/@nestjs/platform-express",
      "link": true
    },
    "node_modules/@nestjs/testing": {
      "resolved": "../../node_modules/.pnpm/@nestjs+testing@11.2.3_@nes_55be6757218899a53d996488a283429b/node_modules/@nestjs/testing",
      "link": true
    },
    "node_modules/@prisma/client": {
      "version": "7.10.0",
      "resolved": "https://registry.npmjs.org/@prisma/client/-/client-7.10.0.tgz",
      "integrity": "sha512-Ubw/QS9JGIBSBUsyxAUQuK/Jcu0Tsva7le7QbLd91Kix9yJvYDdj5QkwgEbbZniH80dd+sziQcALPc+HnvQC8Q==",
      "license": "Apache-2.0",
      "dependencies": {
        "@prisma/client-runtime-utils": "7.10.0"
      },
      "engines": {
        "node": "^20.19 || ^22.12 || >=24.0"
      },
      "peerDependencies": {
        "prisma": "*",
        "typescript": ">=5.4.0"
      },
      "peerDependenciesMeta": {
        "prisma": {
          "optional": true
        },
        "typescript": {
          "optional": true
        }
      }
    },
    "node_modules/@prisma/client-runtime-utils": {
      "version": "7.10.0",
      "resolved": "https://registry.npmjs.org/@prisma/client-runtime-utils/-/client-runtime-utils-7.10.0.tgz",
      "integrity": "sha512-cnCy7lUV8/CctgKVEmqAbSLAmwqJdE/qAlqTBk/0NDk59zEb2cZ0M0M0E4vVPnqbSEYudRroQDvOWfUZH6RIfw==",
      "license": "Apache-2.0"
    },
    "node_modules/@standard-schema/spec": {
      "version": "1.1.0",
      "license": "MIT"
    },
    "node_modules/@types/validator": {
      "version": "13.15.10",
      "license": "MIT"
    },
    "node_modules/babel-jest": {
      "resolved": "../../node_modules/.pnpm/babel-jest@29.7.0_@babel+co_6fb527eedf6bb29fbedf415ed09bab0b/node_modules/babel-jest",
      "link": true
    },
    "node_modules/class-transformer": {
      "version": "0.5.1",
      "resolved": "https://registry.npmjs.org/class-transformer/-/class-transformer-0.5.1.tgz",
      "integrity": "sha512-SQa1Ws6hUbfC98vKGxZH3KFY0Y1lm5Zm0SY8XX9zbK7FJCyVEac3ATW0RIpwzW+oOfmHE5PMPufDG9hCfoEOMw==",
      "license": "MIT"
    },
    "node_modules/class-validator": {
      "version": "0.14.4",
      "resolved": "https://registry.npmjs.org/class-validator/-/class-validator-0.14.4.tgz",
      "integrity": "sha512-AwNusCCam51q703dW82x95tOqQp6oC9HNUl724KxJJOfnKscI8dOloXFgyez7LbTTKWuRBA37FScqVbJEoq8Yw==",
      "license": "MIT",
      "dependencies": {
        "@types/validator": "^13.15.3",
        "libphonenumber-js": "^1.11.1",
        "validator": "^13.15.22"
      }
    },
    "node_modules/dotenv": {
      "version": "16.4.5",
      "resolved": "https://registry.npmjs.org/dotenv/-/dotenv-16.4.5.tgz",
      "integrity": "sha512-ZmdL2rui+eB2YwhsWzjInR8LldtZHGDoQ1ugH85ppHKwpUHL7j7rN0Ti9NCnGiQbhaZ11FpR+7ao1dNsmduNUg==",
      "license": "BSD-2-Clause",
      "engines": {
        "node": ">=12"
      },
      "funding": {
        "url": "https://dotenvx.com"
      }
    },
    "node_modules/dotenv-expand": {
      "version": "10.0.0",
      "resolved": "https://registry.npmjs.org/dotenv-expand/-/dotenv-expand-10.0.0.tgz",
      "integrity": "sha512-GopVGCpVS1UKH75VKHGuQFqS1Gusej0z4FyQkPdwjil2gNIv+LNsqBlboOzpJFZKVT95GkCyWJbBSdFEFUWI2A==",
      "license": "BSD-2-Clause",
      "engines": {
        "node": ">=12"
      }
    },
    "node_modules/jest": {
      "resolved": "../../node_modules/.pnpm/jest@29.7.0_@types+node@26.4.0_supports-color@5.5.0/node_modules/jest",
      "link": true
    },
    "node_modules/joi": {
      "version": "18.2.6",
      "resolved": "https://registry.npmjs.org/joi/-/joi-18.2.6.tgz",
      "integrity": "sha512-8MD5jy4xIcTQi/pHbc10auxclVoJS3pPNiLaTNfW0eh90GbOPU+Y2AjDQnuQsUcHUGNJxqTMmAW6Ho895RaKPA==",
      "license": "BSD-3-Clause",
      "dependencies": {
        "@hapi/address": "^5.1.1",
        "@hapi/formula": "^3.0.2",
        "@hapi/hoek": "^11.0.7",
        "@hapi/pinpoint": "^2.0.1",
        "@hapi/tlds": "^1.1.1",
        "@hapi/topo": "^6.0.2",
        "@standard-schema/spec": "^1.1.0"
      },
      "engines": {
        "node": ">= 20"
      }
    },
    "node_modules/libphonenumber-js": {
      "version": "1.13.12",
      "license": "MIT"
    },
    "node_modules/lodash": {
      "version": "4.17.21",
      "resolved": "https://registry.npmjs.org/lodash/-/lodash-4.17.21.tgz",
      "integrity": "sha512-v2kDEe57lecTulaDIuNTPy3Ry4gLGJ6Z1O3vE1krgXZNrsQ+LFTGHVxVjcXPs17LhbZVGedAJv8XZ1tvj5FvSg==",
      "license": "MIT"
    },
    "node_modules/nodemon": {
      "resolved": "../../node_modules/.pnpm/nodemon@3.1.14/node_modules/nodemon",
      "link": true
    },
    "node_modules/prettier": {
      "resolved": "../../node_modules/.pnpm/prettier@3.9.6/node_modules/prettier",
      "link": true
    },
    "node_modules/reflect-metadata": {
      "resolved": "../../node_modules/.pnpm/reflect-metadata@0.2.2/node_modules/reflect-metadata",
      "link": true
    },
    "node_modules/rxjs": {
      "resolved": "../../node_modules/.pnpm/rxjs@7.8.2/node_modules/rxjs",
      "link": true
    },
    "node_modules/supertest": {
      "resolved": "../../node_modules/.pnpm/supertest@7.2.2_supports-color@5.5.0/node_modules/supertest",
      "link": true
    },
    "node_modules/validator": {
      "version": "13.15.35",
      "license": "MIT",
      "engines": {
        "node": ">= 0.10"
      }
    }
  }
}
